
Microsoft Visual Studio Solution File, Format Version 11.00
# Visual C# Express 2010
Project("{FAE04EC0-301F-11D3-BF4B-00C04F79EFBC}") = "Chanserv", "Chanserv.csproj", "{D150ADDA-71F8-4AC6-964E-A87B5597325B}"
EndProject
Global
	GlobalSection(SolutionConfigurationPlatforms) = preSolution
		Debug|Any CPU = Debug|Any CPU
		Release|Any CPU = Release|Any CPU
	EndGlobalSection
	GlobalSection(ProjectConfigurationPlatforms) = postSolution
		{D150ADDA-71F8-4AC6-964E-A87B5597325B}.Debug|Any CPU.ActiveCfg = Debug|Any CPU
		{D150ADDA-71F8-4AC6-964E-A87B5597325B}.Debug|Any CPU.Build.0 = Debug|Any CPU
		{D150ADDA-71F8-4AC6-964E-A87B5597325B}.Release|Any CPU.ActiveCfg = Release|Any CPU
		{D150ADDA-71F8-4AC6-964E-A87B5597325B}.Release|Any CPU.Build.0 = Release|Any CPU
	EndGlobalSection
	GlobalSection(SolutionProperties) = preSolution
		HideSolutionNode = FALSE
	EndGlobalSection
EndGlobal
